[[package]]
name = "bitflags"
version = "0.9.1"
source = "registry+https://github.com/rust-lang/crates.io-index"

[[package]]
name = "getopts"
version = "0.2.17"
source = "registry+https://github.com/rust-lang/crates.io-index"

[[package]]
name = "issueboss"
version = "0.1.0"
dependencies = [
 "pulldown-cmark 0.1.2 (registry+https://github.com/rust-lang/crates.io-index)",
 "yansi 0.4.0 (registry+https://github.com/rust-lang/crates.io-index)",
]

[[package]]
name = "pulldown-cmark"
version = "0.1.2"
source = "registry+https://github.com/rust-lang/crates.io-index"
dependencies = [
 "bitflags 0.9.1 (registry+https://github.com/rust-lang/crates.io-index)",
 "getopts 0.2.17 (registry+https://github.com/rust-lang/crates.io-index)",
]

[[package]]
name = "yansi"
version = "0.4.0"
source = "registry+https://github.com/rust-lang/crates.io-index"

[metadata]
"checksum bitflags 0.9.1 (registry+https://github.com/rust-lang/crates.io-index)" = "4efd02e230a02e18f92fc2735f44597385ed02ad8f831e7c1c1156ee5e1ab3a5"
"checksum getopts 0.2.17 (registry+https://github.com/rust-lang/crates.io-index)" = "b900c08c1939860ce8b54dc6a89e26e00c04c380fd0e09796799bd7f12861e05"
"checksum pulldown-cmark 0.1.2 (registry+https://github.com/rust-lang/crates.io-index)" = "d6fdf85cda6cadfae5428a54661d431330b312bc767ddbc57adbedc24da66e32"
"checksum yansi 0.4.0 (registry+https://github.com/rust-lang/crates.io-index)" = "d60c3b48c9cdec42fb06b3b84b5b087405e1fa1c644a1af3930e4dfafe93de48"
